// !$*UTF8*$!
{
	archiveVersion = 1;
	classes = {
	};
	objectVersion = 48;
	objects = {

/* Begin PBXBuildFile section */
		55EF94E4EB27DD16D5964B31 /* Pods_Todoey.framework in Frameworks */ = {isa = PBXBuildFile; fileRef = EF14A41249E598C130DA00AA /* Pods_Todoey.framework */; };
		A848D64320803DAE008B2D9A /* AppDelegate.swift in Sources */ = {isa = PBXBuildFile; fileRef = A848D64220803DAE008B2D9A /* AppDelegate.swift */; };
		A848D64520803DAE008B2D9A /* ToDoListViewController.swift in Sources */ = {isa = PBXBuildFile; fileRef = A848D64420803DAE008B2D9A /* ToDoListViewController.swift */; };
		A848D64820803DAE008B2D9A /* Main.storyboard in Resources */ = {isa = PBXBuildFile; fileRef = A848D64620803DAE008B2D9A /* Main.storyboard */; };
		A848D64A20803DAE008B2D9A /* Assets.xcassets in Resources */ = {isa = PBXBuildFile; fileRef = A848D64920803DAE008B2D9A /* Assets.xcassets */; };
		A848D64D20803DAE008B2D9A /* LaunchScreen.storyboard in Resources */ = {isa = PBXBuildFile; fileRef = A848D64B20803DAE008B2D9A /* LaunchScreen.storyboard */; };
		A873E2CA2083E0CA00B4E70A /* CategoryViewController.swift in Sources */ = {isa = PBXBuildFile; fileRef = A873E2C92083E0CA00B4E70A /* CategoryViewController.swift */; };
		A8AF81CA2082FA10009117BE /* DataModel.xcdatamodeld in Sources */ = {isa = PBXBuildFile; fileRef = A8AF81C82082FA10009117BE /* DataModel.xcdatamodeld */; };
/* End PBXBuildFile section */

/* Begin PBXFileReference section */
		7B5B763181BE65F21DD4017A /* Pods-Todoey.debug.xcconfig */ = {isa = PBXFileReference; includeInIndex = 1; lastKnownFileType = text.xcconfig; name = "Pods-Todoey.debug.xcconfig"; path = "Pods/Target Support Files/Pods-Todoey/Pods-Todoey.debug.xcconfig"; sourceTree = "<group>"; };
		81C05A0B245ECF91B2BE8AF2 /* Pods-Todoey.release.xcconfig */ = {isa = PBXFileReference; includeInIndex = 1; lastKnownFileType = text.xcconfig; name = "Pods-Todoey.release.xcconfig"; path = "Pods/Target Support Files/Pods-Todoey/Pods-Todoey.release.xcconfig"; sourceTree = "<group>"; };
		A848D63F20803DAE008B2D9A /* Todoey.app */ = {isa = PBXFileReference; explicitFileType = wrapper.application; includeInIndex = 0; path = Todoey.app; sourceTree = BUILT_PRODUCTS_DIR; };
		A848D64220803DAE008B2D9A /* AppDelegate.swift */ = {isa = PBXFileReference; lastKnownFileType = sourcecode.swift; path = AppDelegate.swift; sourceTree = "<group>"; };
		A848D64420803DAE008B2D9A /* ToDoListViewController.swift */ = {isa = PBXFileReference; lastKnownFileType = sourcecode.swift; path = ToDoListViewController.swift; sourceTree = "<group>"; };
		A848D64720803DAE008B2D9A /* Base */ = {isa = PBXFileReference; lastKnownFileType = file.storyboard; name = Base; path = Base.lproj/Main.storyboard; sourceTree = "<group>"; };
		A848D64920803DAE008B2D9A /* Assets.xcassets */ = {isa = PBXFileReference; lastKnownFileType = folder.assetcatalog; path = Assets.xcassets; sourceTree = "<group>"; };
		A848D64C20803DAE008B2D9A /* Base */ = {isa = PBXFileReference; lastKnownFileType = file.storyboard; name = Base; path = Base.lproj/LaunchScreen.storyboard; sourceTree = "<group>"; };
		A848D64E20803DAE008B2D9A /* Info.plist */ = {isa = PBXFileReference; lastKnownFileType = text.plist.xml; path = Info.plist; sourceTree = "<group>"; };
		A873E2C92083E0CA00B4E70A /* CategoryViewController.swift */ = {isa = PBXFileReference; lastKnownFileType = sourcecode.swift; name = CategoryViewController.swift; path = Todoey/Controllers/CategoryViewController.swift; sourceTree = SOURCE_ROOT; };
		A8AF81C92082FA10009117BE /* DataModel.xcdatamodel */ = {isa = PBXFileReference; lastKnownFileType = wrapper.xcdatamodel; path = DataModel.xcdatamodel; sourceTree = "<group>"; };
		EF14A41249E598C130DA00AA /* Pods_Todoey.framework */ = {isa = PBXFileReference; explicitFileType = wrapper.framework; includeInIndex = 0; path = Pods_Todoey.framework; sourceTree = BUILT_PRODUCTS_DIR; };
/* End PBXFileReference section */

/* Begin PBXFrameworksBuildPhase section */
		A848D63C20803DAE008B2D9A /* Frameworks */ = {
			isa = PBXFrameworksBuildPhase;
			buildActionMask = 2147483647;
			files = (
				55EF94E4EB27DD16D5964B31 /* Pods_Todoey.framework in Frameworks */,
			);
			runOnlyForDeploymentPostprocessing = 0;
		};
/* End PBXFrameworksBuildPhase section */

/* Begin PBXGroup section */
		7659FC089A02FF852C7D3598 /* Frameworks */ = {
			isa = PBXGroup;
			children = (
				EF14A41249E598C130DA00AA /* Pods_Todoey.framework */,
			);
			name = Frameworks;
			sourceTree = "<group>";
		};
		978A37A4B400709B9865B83B /* Pods */ = {
			isa = PBXGroup;
			children = (
				7B5B763181BE65F21DD4017A /* Pods-Todoey.debug.xcconfig */,
				81C05A0B245ECF91B2BE8AF2 /* Pods-Todoey.release.xcconfig */,
			);
			name = Pods;
			sourceTree = "<group>";
		};
		A848D63620803DAE008B2D9A = {
			isa = PBXGroup;
			children = (
				A848D64120803DAE008B2D9A /* Todoey */,
				A848D64020803DAE008B2D9A /* Products */,
				978A37A4B400709B9865B83B /* Pods */,
				7659FC089A02FF852C7D3598 /* Frameworks */,
			);
			sourceTree = "<group>";
		};
		A848D64020803DAE008B2D9A /* Products */ = {
			isa = PBXGroup;
			children = (
				A848D63F20803DAE008B2D9A /* Todoey.app */,
			);
			name = Products;
			sourceTree = "<group>";
		};
		A848D64120803DAE008B2D9A /* Todoey */ = {
			isa = PBXGroup;
			children = (
				A848D64220803DAE008B2D9A /* AppDelegate.swift */,
				A8AF81832082B8C4009117BE /* Controllers */,
				A8AF81822082B8B8009117BE /* Data Model */,
				A8AF81842082B8DC009117BE /* Views */,
				A8AF81852082B8E4009117BE /* Supporting Files */,
				A848D64E20803DAE008B2D9A /* Info.plist */,
			);
			path = Todoey;
			sourceTree = "<group>";
		};
		A8AF81822082B8B8009117BE /* Data Model */ = {
			isa = PBXGroup;
			children = (
				A8AF81C82082FA10009117BE /* DataModel.xcdatamodeld */,
			);
			path = "Data Model";
			sourceTree = "<group>";
		};
		A8AF81832082B8C4009117BE /* Controllers */ = {
			isa = PBXGroup;
			children = (
				A873E2C92083E0CA00B4E70A /* CategoryViewController.swift */,
				A848D64420803DAE008B2D9A /* ToDoListViewController.swift */,
			);
			path = Controllers;
			sourceTree = "<group>";
		};
		A8AF81842082B8DC009117BE /* Views */ = {
			isa = PBXGroup;
			children = (
				A848D64620803DAE008B2D9A /* Main.storyboard */,
			);
			path = Views;
			sourceTree = "<group>";
		};
		A8AF81852082B8E4009117BE /* Supporting Files */ = {
			isa = PBXGroup;
			children = (
				A848D64920803DAE008B2D9A /* Assets.xcassets */,
				A848D64B20803DAE008B2D9A /* LaunchScreen.storyboard */,
			);
			path = "Supporting Files";
			sourceTree = "<group>";
		};
/* End PBXGroup section */

/* Begin PBXNativeTarget section */
		A848D63E20803DAE008B2D9A /* Todoey */ = {
			isa = PBXNativeTarget;
			buildConfigurationList = A848D65120803DAE008B2D9A /* Build configuration list for PBXNativeTarget "Todoey" */;
			buildPhases = (
				685958C53D6427A688F73C06 /* [CP] Check Pods Manifest.lock */,
				A848D63B20803DAE008B2D9A /* Sources */,
				A848D63C20803DAE008B2D9A /* Frameworks */,
				A848D63D20803DAE008B2D9A /* Resources */,
				7A617A0C67AB4EDC51CBCD73 /* [CP] Embed Pods Frameworks */,
			);
			buildRules = (
			);
			dependencies = (
			);
			name = Todoey;
			productName = Todoey;
			productReference = A848D63F20803DAE008B2D9A /* Todoey.app */;
			productType = "com.apple.product-type.application";
		};
/* End PBXNativeTarget section */

/* Begin PBXProject section */
		A848D63720803DAE008B2D9A /* Project object */ = {
			isa = PBXProject;
			attributes = {
				LastSwiftUpdateCheck = 0920;
				LastUpgradeCheck = 0920;
				ORGANIZATIONNAME = "Tim Nesheim";
				TargetAttributes = {
					A848D63E20803DAE008B2D9A = {
						CreatedOnToolsVersion = 9.2;
						ProvisioningStyle = Automatic;
					};
				};
			};
			buildConfigurationList = A848D63A20803DAE008B2D9A /* Build configuration list for PBXProject "Todoey" */;
			compatibilityVersion = "Xcode 8.0";
			developmentRegion = en;
			hasScannedForEncodings = 0;
			knownRegions = (
				en,
				Base,
			);
			mainGroup = A848D63620803DAE008B2D9A;
			productRefGroup = A848D64020803DAE008B2D9A /* Products */;
			projectDirPath = "";
			projectRoot = "";
			targets = (
				A848D63E20803DAE008B2D9A /* Todoey */,
			);
		};
/* End PBXProject section */

/* Begin PBXResourcesBuildPhase section */
		A848D63D20803DAE008B2D9A /* Resources */ = {
			isa = PBXResourcesBuildPhase;
			buildActionMask = 2147483647;
			files = (
				A848D64D20803DAE008B2D9A /* LaunchScreen.storyboard in Resources */,
				A848D64A20803DAE008B2D9A /* Assets.xcassets in Resources */,
				A848D64820803DAE008B2D9A /* Main.storyboard in Resources */,
			);
			runOnlyForDeploymentPostprocessing = 0;
		};
/* End PBXResourcesBuildPhase section */

/* Begin PBXShellScriptBuildPhase section */
		685958C53D6427A688F73C06 /* [CP] Check Pods Manifest.lock */ = {
			isa = PBXShellScriptBuildPhase;
			buildActionMask = 2147483647;
			files = (
			);
			inputPaths = (
				"${PODS_PODFILE_DIR_PATH}/Podfile.lock",
				"${PODS_ROOT}/Manifest.lock",
			);
			name = "[CP] Check Pods Manifest.lock";
			outputPaths = (
				"$(DERIVED_FILE_DIR)/Pods-Todoey-checkManifestLockResult.txt",
			);
			runOnlyForDeploymentPostprocessing = 0;
			shellPath = /bin/sh;
			shellScript = "diff \"${PODS_PODFILE_DIR_PATH}/Podfile.lock\" \"${PODS_ROOT}/Manifest.lock\" > /dev/null\nif [ $? != 0 ] ; then\n    # print error to STDERR\n    echo \"error: The sandbox is not in sync with the Podfile.lock. Run 'pod install' or update your CocoaPods installation.\" >&2\n    exit 1\nfi\n# This output is used by Xcode 'outputs' to avoid re-running this script phase.\necho \"SUCCESS\" > \"${SCRIPT_OUTPUT_FILE_0}\"\n";
			showEnvVarsInLog = 0;
		};
		7A617A0C67AB4EDC51CBCD73 /* [CP] Embed Pods Frameworks */ = {
			isa = PBXShellScriptBuildPhase;
			buildActionMask = 2147483647;
			files = (
			);
			inputPaths = (
				"${SRCROOT}/Pods/Target Support Files/Pods-Todoey/Pods-Todoey-frameworks.sh",
				"${BUILT_PRODUCTS_DIR}/Realm/Realm.framework",
				"${BUILT_PRODUCTS_DIR}/RealmSwift/RealmSwift.framework",
			);
			name = "[CP] Embed Pods Frameworks";
			outputPaths = (
				"${TARGET_BUILD_DIR}/${FRAMEWORKS_FOLDER_PATH}/Realm.framework",
				"${TARGET_BUILD_DIR}/${FRAMEWORKS_FOLDER_PATH}/RealmSwift.framework",
			);
			runOnlyForDeploymentPostprocessing = 0;
			shellPath = /bin/sh;
			shellScript = "\"${SRCROOT}/Pods/Target Support Files/Pods-Todoey/Pods-Todoey-frameworks.sh\"\n";
			showEnvVarsInLog = 0;
		};
/* End PBXShellScriptBuildPhase section */

/* Begin PBXSourcesBuildPhase section */
		A848D63B20803DAE008B2D9A /* Sources */ = {
			isa = PBXSourcesBuildPhase;
			buildActionMask = 2147483647;
			files = (
				A873E2CA2083E0CA00B4E70A /* CategoryViewController.swift in Sources */,
				A848D64520803DAE008B2D9A /* ToDoListViewController.swift in Sources */,
				A8AF81CA2082FA10009117BE /* DataModel.xcdatamodeld in Sources */,
				A848D64320803DAE008B2D9A /* AppDelegate.swift in Sources */,
			);
			runOnlyForDeploymentPostprocessing = 0;
		};
/* End PBXSourcesBuildPhase section */

/* Begin PBXVariantGroup section */
		A848D64620803DAE008B2D9A /* Main.storyboard */ = {
			isa = PBXVariantGroup;
			children = (
				A848D64720803DAE008B2D9A /* Base */,
			);
			name = Main.storyboard;
			sourceTree = "<group>";
		};
		A848D64B20803DAE008B2D9A /* LaunchScreen.storyboard */ = {
			isa = PBXVariantGroup;
			children = (
				A848D64C20803DAE008B2D9A /* Base */,
			);
			name = LaunchScreen.storyboard;
			sourceTree = "<group>";
		};
/* End PBXVariantGroup section */

/* Begin XCBuildConfiguration section */
		A848D64F20803DAE008B2D9A /* Debug */ = {
			isa = XCBuildConfiguration;
			buildSettings = {
				ALWAYS_SEARCH_USER_PATHS = NO;
				CLANG_ANALYZER_NONNULL = YES;
				CLANG_ANALYZER_NUMBER_OBJECT_CONVERSION = YES_AGGRESSIVE;
				CLANG_CXX_LANGUAGE_STANDARD = "gnu++14";
				CLANG_CXX_LIBRARY = "libc++";
				CLANG_ENABLE_MODULES = YES;
				CLANG_ENABLE_OBJC_ARC = YES;
				CLANG_WARN_BLOCK_CAPTURE_AUTORELEASING = YES;
				CLANG_WARN_BOOL_CONVERSION = YES;
				CLANG_WARN_COMMA = YES;
				CLANG_WARN_CONSTANT_CONVERSION = YES;
				CLANG_WARN_DIRECT_OBJC_ISA_USAGE = YES_ERROR;
				CLANG_WARN_DOCUMENTATION_COMMENTS = YES;
				CLANG_WARN_EMPTY_BODY = YES;
				CLANG_WARN_ENUM_CONVERSION = YES;
				CLANG_WARN_INFINITE_RECURSION = YES;
				CLANG_WARN_INT_CONVERSION = YES;
				CLANG_WARN_NON_LITERAL_NULL_CONVERSION = YES;
				CLANG_WARN_OBJC_LITERAL_CONVERSION = YES;
				CLANG_WARN_OBJC_ROOT_CLASS = YES_ERROR;
				CLANG_WARN_RANGE_LOOP_ANALYSIS = YES;
				CLANG_WARN_STRICT_PROTOTYPES = YES;
				CLANG_WARN_SUSPICIOUS_MOVE = YES;
				CLANG_WARN_UNGUARDED_AVAILABILITY = YES_AGGRESSIVE;
				CLANG_WARN_UNREACHABLE_CODE = YES;
				CLANG_WARN__DUPLICATE_METHOD_MATCH = YES;
				CODE_SIGN_IDENTITY = "iPhone Developer";
				COPY_PHASE_STRIP = NO;
				DEBUG_INFORMATION_FORMAT = dwarf;
				ENABLE_STRICT_OBJC_MSGSEND = YES;
				ENABLE_TESTABILITY = YES;
				GCC_C_LANGUAGE_STANDARD = gnu11;
				GCC_DYNAMIC_NO_PIC = NO;
				GCC_NO_COMMON_BLOCKS = YES;
				GCC_OPTIMIZATION_LEVEL = 0;
				GCC_PREPROCESSOR_DEFINITIONS = (
					"DEBUG=1",
					"$(inherited)",
				);
				GCC_WARN_64_TO_32_BIT_CONVERSION = YES;
				GCC_WARN_ABOUT_RETURN_TYPE = YES_ERROR;
				GCC_WARN_UNDECLARED_SELECTOR = YES;
				GCC_WARN_UNINITIALIZED_AUTOS = YES_AGGRESSIVE;
				GCC_WARN_UNUSED_FUNCTION = YES;
				GCC_WARN_UNUSED_VARIABLE = YES;
				IPHONEOS_DEPLOYMENT_TARGET = 11.2;
				MTL_ENABLE_DEBUG_INFO = YES;
				ONLY_ACTIVE_ARCH = YES;
				SDKROOT = iphoneos;
				SWIFT_ACTIVE_COMPILATION_CONDITIONS = DEBUG;
				SWIFT_OPTIMIZATION_LEVEL = "-Onone";
			};
			name = Debug;
		};
		A848D65020803DAE008B2D9A /* Release */ = {
			isa = XCBuildConfiguration;
			buildSettings = {
				ALWAYS_SEARCH_USER_PATHS = NO;
				CLANG_ANALYZER_NONNULL = YES;
				CLANG_ANALYZER_NUMBER_OBJECT_CONVERSION = YES_AGGRESSIVE;
				CLANG_CXX_LANGUAGE_STANDARD = "gnu++14";
				CLANG_CXX_LIBRARY = "libc++";
				CLANG_ENABLE_MODULES = YES;
				CLANG_ENABLE_OBJC_ARC = YES;
				CLANG_WARN_BLOCK_CAPTURE_AUTORELEASING = YES;
				CLANG_WARN_BOOL_CONVERSION = YES;
				CLANG_WARN_COMMA = YES;
				CLANG_WARN_CONSTANT_CONVERSION = YES;
				CLANG_WARN_DIRECT_OBJC_ISA_USAGE = YES_ERROR;
				CLANG_WARN_DOCUMENTATION_COMMENTS = YES;
				CLANG_WARN_EMPTY_BODY = YES;
				CLANG_WARN_ENUM_CONVERSION = YES;
				CLANG_WARN_INFINITE_RECURSION = YES;
				CLANG_WARN_INT_CONVERSION = YES;
				CLANG_WARN_NON_LITERAL_NULL_CONVERSION = YES;
				CLANG_WARN_OBJC_LITERAL_CONVERSION = YES;
				CLANG_WARN_OBJC_ROOT_CLASS = YES_ERROR;
				CLANG_WARN_RANGE_LOOP_ANALYSIS = YES;
				CLANG_WARN_STRICT_PROTOTYPES = YES;
				CLANG_WARN_SUSPICIOUS_MOVE = YES;
				CLANG_WARN_UNGUARDED_AVAILABILITY = YES_AGGRESSIVE;
				CLANG_WARN_UNREACHABLE_CODE = YES;
				CLANG_WARN__DUPLICATE_METHOD_MATCH = YES;
				CODE_SIGN_IDENTITY = "iPhone Developer";
				COPY_PHASE_STRIP = NO;
				DEBUG_INFORMATION_FORMAT = "dwarf-with-dsym";
				ENABLE_NS_ASSERTIONS = NO;
				ENABLE_STRICT_OBJC_MSGSEND = YES;
				GCC_C_LANGUAGE_STANDARD = gnu11;
				GCC_NO_COMMON_BLOCKS = YES;
				GCC_WARN_64_TO_32_BIT_CONVERSION = YES;
				GCC_WARN_ABOUT_RETURN_TYPE = YES_ERROR;
				GCC_WARN_UNDECLARED_SELECTOR = YES;
				GCC_WARN_UNINITIALIZED_AUTOS = YES_AGGRESSIVE;
				GCC_WARN_UNUSED_FUNCTION = YES;
				GCC_WARN_UNUSED_VARIABLE = YES;
				IPHONEOS_DEPLOYMENT_TARGET = 11.2;
				MTL_ENABLE_DEBUG_INFO = NO;
				SDKROOT = iphoneos;
				SWIFT_OPTIMIZATION_LEVEL = "-Owholemodule";
				VALIDATE_PRODUCT = YES;
			};
			name = Release;
		};
		A848D65220803DAE008B2D9A /* Debug */ = {
			isa = XCBuildConfiguration;
			baseConfigurationReference = 7B5B763181BE65F21DD4017A /* Pods-Todoey.debug.xcconfig */;
			buildSettings = {
				ASSETCATALOG_COMPILER_APPICON_NAME = AppIcon;
				CODE_SIGN_STYLE = Automatic;
				DEVELOPMENT_TEAM = SE3NYG7VLZ;
				INFOPLIST_FILE = Todoey/Info.plist;
				LD_RUNPATH_SEARCH_PATHS = "$(inherited) @executable_path/Frameworks";
				PRODUCT_BUNDLE_IDENTIFIER = com.timnesheim.Todoey;
				PRODUCT_NAME = "$(TARGET_NAME)";
				SWIFT_VERSION = 4.0;
				TARGETED_DEVICE_FAMILY = "1,2";
			};
			name = Debug;
		};
		A848D65320803DAE008B2D9A /* Release */ = {
			isa = XCBuildConfiguration;
			baseConfigurationReference = 81C05A0B245ECF91B2BE8AF2 /* Pods-Todoey.release.xcconfig */;
			buildSettings = {
				ASSETCATALOG_COMPILER_APPICON_NAME = AppIcon;
				CODE_SIGN_STYLE = Automatic;
				DEVELOPMENT_TEAM = SE3NYG7VLZ;
				INFOPLIST_FILE = Todoey/Info.plist;
				LD_RUNPATH_SEARCH_PATHS = "$(inherited) @executable_path/Frameworks";
				PRODUCT_BUNDLE_IDENTIFIER = com.timnesheim.Todoey;
				PRODUCT_NAME = "$(TARGET_NAME)";
				SWIFT_VERSION = 4.0;
				TARGETED_DEVICE_FAMILY = "1,2";
			};
			name = Release;
		};
/* End XCBuildConfiguration section */

/* Begin XCConfigurationList section */
		A848D63A20803DAE008B2D9A /* Build configuration list for PBXProject "Todoey" */ = {
			isa = XCConfigurationList;
			buildConfigurations = (
				A848D64F20803DAE008B2D9A /* Debug */,
				A848D65020803DAE008B2D9A /* Release */,
			);
			defaultConfigurationIsVisible = 0;
			defaultConfigurationName = Release;
		};
		A848D65120803DAE008B2D9A /* Build configuration list for PBXNativeTarget "Todoey" */ = {
			isa = XCConfigurationList;
			buildConfigurations = (
				A848D65220803DAE008B2D9A /* Debug */,
				A848D65320803DAE008B2D9A /* Release */,
			);
			defaultConfigurationIsVisible = 0;
			defaultConfigurationName = Release;
		};
/* End XCConfigurationList section */

/* Begin XCVersionGroup section */
		A8AF81C82082FA10009117BE /* DataModel.xcdatamodeld */ = {
			isa = XCVersionGroup;
			children = (
				A8AF81C92082FA10009117BE /* DataModel.xcdatamodel */,
			);
			currentVersion = A8AF81C92082FA10009117BE /* DataModel.xcdatamodel */;
			path = DataModel.xcdatamodeld;
			sourceTree = "<group>";
			versionGroupType = wrapper.xcdatamodel;
		};
/* End XCVersionGroup section */
	};
	rootObject = A848D63720803DAE008B2D9A /* Project object */;
}
